{
  "lockfileVersion": 2,
  "configVersion": 1,
  "workspaces": {
    "": {
      "name": "glosa-managed-runtime",
      "dependencies": {
        "@openai/codex": "0.156.1-darwin-arm64",
      },
    },
  },
  "packages": {
    "@openai/codex": ["@openai/codex@0.156.1-darwin-arm64", "", { "os": "darwin", "cpu": "arm64" }, "sha512-Jg6wbdV+wmMZczhwE74GSxOYEZlViKXn6KyCw/yfrz3PAKFD14xljuPopmdhWC1+8IKU2WdN5fdmXNPt2q4HPA=="],
  }
}
