{
  "lockfileVersion": 2,
  "configVersion": 1,
  "workspaces": {
    "": {
      "name": "glosa-managed-runtime",
      "dependencies": {
        "@openai/codex": "0.156.1-linux-x64",
      },
    },
  },
  "packages": {
    "@openai/codex": ["@openai/codex@0.156.1-linux-x64", "", { "os": "linux", "cpu": "x64" }, "sha512-2ePo0wgOcnONKsuzp8vBjOmNY+IdsKaouaDDIdiKq9HOWNuV/GI22OeXft2A/1GaoL71ictO0/pLAsCEnQ6wew=="],
  }
}
